
Microsoft Visual Studio Solution File, Format Version 12.00
# Visual Studio 15
VisualStudioVersion = 15.0.26124.0
MinimumVisualStudioVersion = 15.0.26124.0
Project("{FAE04EC0-301F-11D3-BF4B-00C04F79EFBC}") = "filesync", "src\filesync.csproj", "{FBA7210F-E349-44D7-8BFD-5F9B539A3CA4}"
EndProject
Project("{FAE04EC0-301F-11D3-BF4B-00C04F79EFBC}") = "filesync.Test", "test\filesync.Test.csproj", "{F03173A0-B5FD-45B0-AE9D-8AA3AA442E08}"
EndProject
Global
	GlobalSection(SolutionConfigurationPlatforms) = preSolution
		Debug|Any CPU = Debug|Any CPU
		Debug|x64 = Debug|x64
		Debug|x86 = Debug|x86
		Release|Any CPU = Release|Any CPU
		Release|x64 = Release|x64
		Release|x86 = Release|x86
	EndGlobalSection
	GlobalSection(SolutionProperties) = preSolution
		HideSolutionNode = FALSE
	EndGlobalSection
	GlobalSection(ProjectConfigurationPlatforms) = postSolution
		{FBA7210F-E349-44D7-8BFD-5F9B539A3CA4}.Debug|Any CPU.ActiveCfg = Debug|Any CPU
		{FBA7210F-E349-44D7-8BFD-5F9B539A3CA4}.Debug|Any CPU.Build.0 = Debug|Any CPU
		{FBA7210F-E349-44D7-8BFD-5F9B539A3CA4}.Debug|x64.ActiveCfg = Debug|Any CPU
		{FBA7210F-E349-44D7-8BFD-5F9B539A3CA4}.Debug|x64.Build.0 = Debug|Any CPU
		{FBA7210F-E349-44D7-8BFD-5F9B539A3CA4}.Debug|x86.ActiveCfg = Debug|Any CPU
		{FBA7210F-E349-44D7-8BFD-5F9B539A3CA4}.Debug|x86.Build.0 = Debug|Any CPU
		{FBA7210F-E349-44D7-8BFD-5F9B539A3CA4}.Release|Any CPU.ActiveCfg = Release|Any CPU
		{FBA7210F-E349-44D7-8BFD-5F9B539A3CA4}.Release|Any CPU.Build.0 = Release|Any CPU
		{FBA7210F-E349-44D7-8BFD-5F9B539A3CA4}.Release|x64.ActiveCfg = Release|Any CPU
		{FBA7210F-E349-44D7-8BFD-5F9B539A3CA4}.Release|x64.Build.0 = Release|Any CPU
		{FBA7210F-E349-44D7-8BFD-5F9B539A3CA4}.Release|x86.ActiveCfg = Release|Any CPU
		{FBA7210F-E349-44D7-8BFD-5F9B539A3CA4}.Release|x86.Build.0 = Release|Any CPU
		{F03173A0-B5FD-45B0-AE9D-8AA3AA442E08}.Debug|Any CPU.ActiveCfg = Debug|Any CPU
		{F03173A0-B5FD-45B0-AE9D-8AA3AA442E08}.Debug|Any CPU.Build.0 = Debug|Any CPU
		{F03173A0-B5FD-45B0-AE9D-8AA3AA442E08}.Debug|x64.ActiveCfg = Debug|Any CPU
		{F03173A0-B5FD-45B0-AE9D-8AA3AA442E08}.Debug|x64.Build.0 = Debug|Any CPU
		{F03173A0-B5FD-45B0-AE9D-8AA3AA442E08}.Debug|x86.ActiveCfg = Debug|Any CPU
		{F03173A0-B5FD-45B0-AE9D-8AA3AA442E08}.Debug|x86.Build.0 = Debug|Any CPU
		{F03173A0-B5FD-45B0-AE9D-8AA3AA442E08}.Release|Any CPU.ActiveCfg = Release|Any CPU
		{F03173A0-B5FD-45B0-AE9D-8AA3AA442E08}.Release|Any CPU.Build.0 = Release|Any CPU
		{F03173A0-B5FD-45B0-AE9D-8AA3AA442E08}.Release|x64.ActiveCfg = Release|Any CPU
		{F03173A0-B5FD-45B0-AE9D-8AA3AA442E08}.Release|x64.Build.0 = Release|Any CPU
		{F03173A0-B5FD-45B0-AE9D-8AA3AA442E08}.Release|x86.ActiveCfg = Release|Any CPU
		{F03173A0-B5FD-45B0-AE9D-8AA3AA442E08}.Release|x86.Build.0 = Release|Any CPU
	EndGlobalSection
EndGlobal
